
Microsoft Visual Studio Solution File, Format Version 12.00
# Visual Studio Version 16
VisualStudioVersion = 16.0.31229.75
MinimumVisualStudioVersion = 10.0.40219.1
Project("{FAE04EC0-301F-11D3-BF4B-00C04F79EFBC}") = "Product Review Management", "Product Review Management.csproj", "{8A54766A-A68F-446B-939F-DFCF0EE26F9E}"
EndProject
Global
	GlobalSection(SolutionConfigurationPlatforms) = preSolution
		Debug|Any CPU = Debug|Any CPU
		Release|Any CPU = Release|Any CPU
	EndGlobalSection
	GlobalSection(ProjectConfigurationPlatforms) = postSolution
		{8A54766A-A68F-446B-939F-DFCF0EE26F9E}.Debug|Any CPU.ActiveCfg = Debug|Any CPU
		{8A54766A-A68F-446B-939F-DFCF0EE26F9E}.Debug|Any CPU.Build.0 = Debug|Any CPU
		{8A54766A-A68F-446B-939F-DFCF0EE26F9E}.Release|Any CPU.ActiveCfg = Release|Any CPU
		{8A54766A-A68F-446B-939F-DFCF0EE26F9E}.Release|Any CPU.Build.0 = Release|Any CPU
	EndGlobalSection
	GlobalSection(SolutionProperties) = preSolution
		HideSolutionNode = FALSE
	EndGlobalSection
	GlobalSection(ExtensibilityGlobals) = postSolution
		SolutionGuid = {EB673358-985C-4CC2-A6F7-0342BE7921E3}
	EndGlobalSection
EndGlobal
